
Microsoft Visual Studio Solution File, Format Version 12.00
# Visual Studio Version 17
VisualStudioVersion = 17.13.35828.75 d17.13
MinimumVisualStudioVersion = 10.0.40219.1
Project("{FAE04EC0-301F-11D3-BF4B-00C04F79EFBC}") = "RestCalc.Api", "RestCalc.Api.csproj", "{0DAAFCC7-65A5-41F0-B5ED-3F1B72A6D875}"
EndProject
Global
	GlobalSection(SolutionConfigurationPlatforms) = preSolution
		Debug|Any CPU = Debug|Any CPU
		Release|Any CPU = Release|Any CPU
	EndGlobalSection
	GlobalSection(ProjectConfigurationPlatforms) = postSolution
		{0DAAFCC7-65A5-41F0-B5ED-3F1B72A6D875}.Debug|Any CPU.ActiveCfg = Debug|Any CPU
		{0DAAFCC7-65A5-41F0-B5ED-3F1B72A6D875}.Debug|Any CPU.Build.0 = Debug|Any CPU
		{0DAAFCC7-65A5-41F0-B5ED-3F1B72A6D875}.Release|Any CPU.ActiveCfg = Release|Any CPU
		{0DAAFCC7-65A5-41F0-B5ED-3F1B72A6D875}.Release|Any CPU.Build.0 = Release|Any CPU
	EndGlobalSection
	GlobalSection(SolutionProperties) = preSolution
		HideSolutionNode = FALSE
	EndGlobalSection
	GlobalSection(ExtensibilityGlobals) = postSolution
		SolutionGuid = {BEA295FE-BF70-4979-AD5D-C9368A60CD91}
	EndGlobalSection
EndGlobal
